Microsoft Visual Studio Solution File, Format Version 12.00
# Visual Studio Version 17
VisualStudioVersion = 17.5.2.0
MinimumVisualStudioVersion = 10.0.40219.1
Project("{FAE04EC0-301F-11D3-BF4B-00C04F79EFBC}") = "aspClient", "aspClient.csproj", "{B471E733-9FC3-9F65-8F7F-BB54D9D04171}"
EndProject
Global
	GlobalSection(SolutionConfigurationPlatforms) = preSolution
		Debug|Any CPU = Debug|Any CPU
		Release|Any CPU = Release|Any CPU
	EndGlobalSection
	GlobalSection(ProjectConfigurationPlatforms) = postSolution
		{B471E733-9FC3-9F65-8F7F-BB54D9D04171}.Debug|Any CPU.ActiveCfg = Debug|Any CPU
		{B471E733-9FC3-9F65-8F7F-BB54D9D04171}.Debug|Any CPU.Build.0 = Debug|Any CPU
		{B471E733-9FC3-9F65-8F7F-BB54D9D04171}.Release|Any CPU.ActiveCfg = Release|Any CPU
		{B471E733-9FC3-9F65-8F7F-BB54D9D04171}.Release|Any CPU.Build.0 = Release|Any CPU
	EndGlobalSection
	GlobalSection(SolutionProperties) = preSolution
		HideSolutionNode = FALSE
	EndGlobalSection
	GlobalSection(ExtensibilityGlobals) = postSolution
		SolutionGuid = {81822E8E-72E8-4F39-92FD-D0DD188ABCC4}
	EndGlobalSection
EndGlobal
